<?xml version="1.0" encoding="utf-8"?>
<Project ToolsVersion="4.0" xmlns="http://schemas.microsoft.com/developer/msbuild/2003">
  <ItemGroup>
    <Filter Include="Source Files">
      <UniqueIdentifier>{4FC737F1-C7A5-4376-A066-2A32D752A2FF}</UniqueIdentifier>
      <Extensions>cpp;c;cc;cxx;c++;cppm;ixx;def;odl;idl;hpj;bat;asm;asmx</Extensions>
    </Filter>
    <Filter Include="Header Files">
      <UniqueIdentifier>{93995380-89BD-4b04-88EB-625FBE52EBFB}</UniqueIdentifier>
      <Extensions>h;hh;hpp;hxx;h++;hm;inl;inc;ipp;xsd</Extensions>
    </Filter>
    <Filter Include="Resource Files">
      <UniqueIdentifier>{67DA6AB6-F800-4c08-8B7A-83BB121AAD01}</UniqueIdentifier>
      <Extensions>rc;ico;cur;bmp;dlg;rc2;rct;bin;rgs;gif;jpg;jpeg;jpe;resx;tiff;tif;png;wav;mfcribbon-ms</Extensions>
    </Filter>
  </ItemGroup>
  <ItemGroup>
    <ClCompile Include="main.cpp">
      <Filter>Source Files</Filter>
    </ClCompile>
    <ClCompile Include="Platform\Win\Window.cpp">
      <Filter>Source Files</Filter>
    </ClCompile>
    <ClCompile Include="Platform\Win\WindowManager.cpp">
      <Filter>Source Files</Filter>
    </ClCompile>
    <ClCompile Include="Common\CoreEngine.cpp">
      <Filter>Source Files</Filter>
    </ClCompile>
    <ClCompile Include="GUI\GUIBase.cpp">
      <Filter>Source Files</Filter>
    </ClCompile>
    <ClCompile Include="GUI\Layer\ContentBrowserLayer.cpp">
      <Filter>Source Files</Filter>
    </ClCompile>
    <ClCompile Include="GUI\Layer\InspectorLayer.cpp">
      <Filter>Source Files</Filter>
    </ClCompile>
    <ClCompile Include="GUI\Layer\TopMenuLayer.cpp">
      <Filter>Source Files</Filter>
    </ClCompile>
    <ClCompile Include="GUI\Layer\LogLayer.cpp">
      <Filter>Source Files</Filter>
    </ClCompile>
    <ClCompile Include="GUI\Layer\SceneHierarchyLayer.cpp">
      <Filter>Source Files</Filter>
    </ClCompile>
    <ClCompile Include="GUI\Layer\ToolBarLayer.cpp">
      <Filter>Source Files</Filter>
    </ClCompile>
    <ClCompile Include="GUI\Layer\ProjectDirLayer.cpp">
      <Filter>Source Files</Filter>
    </ClCompile>
    <ClCompile Include="Core\UUID\UUID.cpp">
      <Filter>Source Files</Filter>
    </ClCompile>
    <ClCompile Include="Core\Framebuffer\Framebuffer.cpp">
      <Filter>Source Files</Filter>
    </ClCompile>
    <ClCompile Include="Core\SFQuad\SFQuad.cpp">
      <Filter>Source Files</Filter>
    </ClCompile>
    <ClCompile Include="Core\DisplayCanvas\Forward\MainFDC.cpp">
      <Filter>Source Files</Filter>
    </ClCompile>
    <ClCompile Include="Core\Renderer\SceneRenderer\SceneRenderer.cpp">
      <Filter>Source Files</Filter>
    </ClCompile>
    <ClCompile Include="Core\Scene\Scene.cpp">
      <Filter>Source Files</Filter>
    </ClCompile>
    <ClCompile Include="Core\Scene\Entity.cpp">
      <Filter>Source Files</Filter>
    </ClCompile>
  </ItemGroup>
  <ItemGroup>
    <ClInclude Include="Platform\Win\Window.h">
      <Filter>Header Files</Filter>
    </ClInclude>
    <ClInclude Include="Platform\Win\WindowData.h">
      <Filter>Header Files</Filter>
    </ClInclude>
    <ClInclude Include="Platform\Win\WindowManager.h">
      <Filter>Header Files</Filter>
    </ClInclude>
    <ClInclude Include="Event\Dispatcher.h">
      <Filter>Header Files</Filter>
    </ClInclude>
    <ClInclude Include="Event\Event.h">
      <Filter>Header Files</Filter>
    </ClInclude>
    <ClInclude Include="Event\Key\KeyEvent.h">
      <Filter>Header Files</Filter>
    </ClInclude>
    <ClInclude Include="Event\Key\KeyPressedEvent.h">
      <Filter>Header Files</Filter>
    </ClInclude>
    <ClInclude Include="Event\Key\KeyReleaseEvent.h">
      <Filter>Header Files</Filter>
    </ClInclude>
    <ClInclude Include="Event\Key\KeyRepeatEvent.h">
      <Filter>Header Files</Filter>
    </ClInclude>
    <ClInclude Include="Event\Mouse\MouseButton.h">
      <Filter>Header Files</Filter>
    </ClInclude>
    <ClInclude Include="Event\Mouse\MouseButtonPressedEvent.h">
      <Filter>Header Files</Filter>
    </ClInclude>
    <ClInclude Include="Event\Mouse\MouseButtonReleaseEvent.h">
      <Filter>Header Files</Filter>
    </ClInclude>
    <ClInclude Include="Event\Mouse\MouseMovedEvent.h">
      <Filter>Header Files</Filter>
    </ClInclude>
    <ClInclude Include="Event\Mouse\MouseScrolledEvent.h">
      <Filter>Header Files</Filter>
    </ClInclude>
    <ClInclude Include="Event\Window\WindowCloseEvent.h">
      <Filter>Header Files</Filter>
    </ClInclude>
    <ClInclude Include="Event\Window\WindowResizeEvent.h">
      <Filter>Header Files</Filter>
    </ClInclude>
    <ClInclude Include="Event\IEvent.h">
      <Filter>Header Files</Filter>
    </ClInclude>
    <ClInclude Include="Common\CoreEngine.h">
      <Filter>Header Files</Filter>
    </ClInclude>
    <ClInclude Include="GUI\GUIBase.h">
      <Filter>Header Files</Filter>
    </ClInclude>
    <ClInclude Include="GUI\Layer\ContentBrowserLayer.h">
      <Filter>Header Files</Filter>
    </ClInclude>
    <ClInclude Include="GUI\Layer\InspectorLayer.h">
      <Filter>Header Files</Filter>
    </ClInclude>
    <ClInclude Include="GUI\Layer\TopMenuLayer.h">
      <Filter>Header Files</Filter>
    </ClInclude>
    <ClInclude Include="GUI\Layer\LogLayer.h">
      <Filter>Header Files</Filter>
    </ClInclude>
    <ClInclude Include="GUI\Layer\SceneHierarchyLayer.h">
      <Filter>Header Files</Filter>
    </ClInclude>
    <ClInclude Include="GUI\Layer\ToolBarLayer.h">
      <Filter>Header Files</Filter>
    </ClInclude>
    <ClInclude Include="GUI\Layer\LayerBase.h">
      <Filter>Header Files</Filter>
    </ClInclude>
    <ClInclude Include="GUI\Layer\ILayer.h">
      <Filter>Header Files</Filter>
    </ClInclude>
    <ClInclude Include="GUI\Layer\ProjectDirLayer.h">
      <Filter>Header Files</Filter>
    </ClInclude>
    <ClInclude Include="Core\UUID\UUID.h">
      <Filter>Header Files</Filter>
    </ClInclude>
    <ClInclude Include="Core\Framebuffer\DefaultFramebufferValue.h">
      <Filter>Header Files</Filter>
    </ClInclude>
    <ClInclude Include="Core\Framebuffer\Framebuffer.h">
      <Filter>Header Files</Filter>
    </ClInclude>
    <ClInclude Include="Core\SFQuad\SFQuad.h">
      <Filter>Header Files</Filter>
    </ClInclude>
    <ClInclude Include="Core\DisplayCanvas\Forward\MainFDC.h">
      <Filter>Header Files</Filter>
    </ClInclude>
    <ClInclude Include="Core\Renderer\SceneRenderer\SceneRenderer.h">
      <Filter>Header Files</Filter>
    </ClInclude>
    <ClInclude Include="Core\Scene\Scene.h">
      <Filter>Header Files</Filter>
    </ClInclude>
    <ClInclude Include="Core\Scene\Entity.h">
      <Filter>Header Files</Filter>
    </ClInclude>
  </ItemGroup>
</Project>